// !$*UTF8*$!
{
	archiveVersion = 1;
	classes = {
	};
	objectVersion = 50;
	objects = {

/* Begin PBXBuildFile section */
		F1D815202079B0F800E263AC /* AppDelegate.swift in Sources */ = {isa = PBXBuildFile; fileRef = F1D8151F2079B0F800E263AC /* AppDelegate.swift */; };
		F1D815222079B0F800E263AC /* ViewController.swift in Sources */ = {isa = PBXBuildFile; fileRef = F1D815212079B0F800E263AC /* ViewController.swift */; };
		F1D815252079B0F800E263AC /* Main.storyboard in Resources */ = {isa = PBXBuildFile; fileRef = F1D815232079B0F800E263AC /* Main.storyboard */; };
		F1D815272079B0FA00E263AC /* Assets.xcassets in Resources */ = {isa = PBXBuildFile; fileRef = F1D815262079B0FA00E263AC /* Assets.xcassets */; };
		F1D8152A2079B0FA00E263AC /* LaunchScreen.storyboard in Resources */ = {isa = PBXBuildFile; fileRef = F1D815282079B0FA00E263AC /* LaunchScreen.storyboard */; };
		F1D815352079B0FA00E263AC /* ParallaxScrollViewTests.swift in Sources */ = {isa = PBXBuildFile; fileRef = F1D815342079B0FA00E263AC /* ParallaxScrollViewTests.swift */; };
		F1D815412079B13900E263AC /* PLAnimateView.swift in Sources */ = {isa = PBXBuildFile; fileRef = F1D815402079B13900E263AC /* PLAnimateView.swift */; };
		F1D815432079B14F00E263AC /* PLScrollView.swift in Sources */ = {isa = PBXBuildFile; fileRef = F1D815422079B14F00E263AC /* PLScrollView.swift */; };
		F1D815482079B5DB00E263AC /* 750@2x.png in Resources */ = {isa = PBXBuildFile; fileRef = F1D815452079B5DB00E263AC /* 750@2x.png */; };
		F1D815492079B5DB00E263AC /* back@2x.png in Resources */ = {isa = PBXBuildFile; fileRef = F1D815462079B5DB00E263AC /* back@2x.png */; };
		F1D8154A2079B5DB00E263AC /* p750-1334@2x.png in Resources */ = {isa = PBXBuildFile; fileRef = F1D815472079B5DB00E263AC /* p750-1334@2x.png */; };
/* End PBXBuildFile section */

/* Begin PBXContainerItemProxy section */
		F1D815312079B0FA00E263AC /* PBXContainerItemProxy */ = {
			isa = PBXContainerItemProxy;
			containerPortal = F1D815142079B0F800E263AC /* Project object */;
			proxyType = 1;
			remoteGlobalIDString = F1D8151B2079B0F800E263AC;
			remoteInfo = ParallaxScrollView;
		};
/* End PBXContainerItemProxy section */

/* Begin PBXFileReference section */
		F1D8151C2079B0F800E263AC /* ParallaxScrollView.app */ = {isa = PBXFileReference; explicitFileType = wrapper.application; includeInIndex = 0; path = ParallaxScrollView.app; sourceTree = BUILT_PRODUCTS_DIR; };
		F1D8151F2079B0F800E263AC /* AppDelegate.swift */ = {isa = PBXFileReference; lastKnownFileType = sourcecode.swift; path = AppDelegate.swift; sourceTree = "<group>"; };
		F1D815212079B0F800E263AC /* ViewController.swift */ = {isa = PBXFileReference; lastKnownFileType = sourcecode.swift; path = ViewController.swift; sourceTree = "<group>"; };
		F1D815242079B0F800E263AC /* Base */ = {isa = PBXFileReference; lastKnownFileType = file.storyboard; name = Base; path = Base.lproj/Main.storyboard; sourceTree = "<group>"; };
		F1D815262079B0FA00E263AC /* Assets.xcassets */ = {isa = PBXFileReference; lastKnownFileType = folder.assetcatalog; path = Assets.xcassets; sourceTree = "<group>"; };
		F1D815292079B0FA00E263AC /* Base */ = {isa = PBXFileReference; lastKnownFileType = file.storyboard; name = Base; path = Base.lproj/LaunchScreen.storyboard; sourceTree = "<group>"; };
		F1D8152B2079B0FA00E263AC /* Info.plist */ = {isa = PBXFileReference; lastKnownFileType = text.plist.xml; path = Info.plist; sourceTree = "<group>"; };
		F1D815302079B0FA00E263AC /* ParallaxScrollViewTests.xctest */ = {isa = PBXFileReference; explicitFileType = wrapper.cfbundle; includeInIndex = 0; path = ParallaxScrollViewTests.xctest; sourceTree = BUILT_PRODUCTS_DIR; };
		F1D815342079B0FA00E263AC /* ParallaxScrollViewTests.swift */ = {isa = PBXFileReference; lastKnownFileType = sourcecode.swift; path = ParallaxScrollViewTests.swift; sourceTree = "<group>"; };
		F1D815362079B0FA00E263AC /* Info.plist */ = {isa = PBXFileReference; lastKnownFileType = text.plist.xml; path = Info.plist; sourceTree = "<group>"; };
		F1D815402079B13900E263AC /* PLAnimateView.swift */ = {isa = PBXFileReference; lastKnownFileType = sourcecode.swift; path = PLAnimateView.swift; sourceTree = "<group>"; };
		F1D815422079B14F00E263AC /* PLScrollView.swift */ = {isa = PBXFileReference; lastKnownFileType = sourcecode.swift; path = PLScrollView.swift; sourceTree = "<group>"; };
		F1D815452079B5DB00E263AC /* 750@2x.png */ = {isa = PBXFileReference; lastKnownFileType = image.png; path = "750@2x.png"; sourceTree = "<group>"; };
		F1D815462079B5DB00E263AC /* back@2x.png */ = {isa = PBXFileReference; lastKnownFileType = image.png; path = "back@2x.png"; sourceTree = "<group>"; };
		F1D815472079B5DB00E263AC /* p750-1334@2x.png */ = {isa = PBXFileReference; lastKnownFileType = image.png; path = "p750-1334@2x.png"; sourceTree = "<group>"; };
/* End PBXFileReference section */

/* Begin PBXFrameworksBuildPhase section */
		F1D815192079B0F800E263AC /* Frameworks */ = {
			isa = PBXFrameworksBuildPhase;
			buildActionMask = 2147483647;
			files = (
			);
			runOnlyForDeploymentPostprocessing = 0;
		};
		F1D8152D2079B0FA00E263AC /* Frameworks */ = {
			isa = PBXFrameworksBuildPhase;
			buildActionMask = 2147483647;
			files = (
			);
			runOnlyForDeploymentPostprocessing = 0;
		};
/* End PBXFrameworksBuildPhase section */

/* Begin PBXGroup section */
		F1D815132079B0F800E263AC = {
			isa = PBXGroup;
			children = (
				F1D8151E2079B0F800E263AC /* ParallaxScrollView */,
				F1D815332079B0FA00E263AC /* ParallaxScrollViewTests */,
				F1D8151D2079B0F800E263AC /* Products */,
			);
			sourceTree = "<group>";
		};
		F1D8151D2079B0F800E263AC /* Products */ = {
			isa = PBXGroup;
			children = (
				F1D8151C2079B0F800E263AC /* ParallaxScrollView.app */,
				F1D815302079B0FA00E263AC /* ParallaxScrollViewTests.xctest */,
			);
			name = Products;
			sourceTree = "<group>";
		};
		F1D8151E2079B0F800E263AC /* ParallaxScrollView */ = {
			isa = PBXGroup;
			children = (
				F1D815442079B5BE00E263AC /* Source */,
				F1D8153F2079B10D00E263AC /* PLScrollView */,
				F1D8151F2079B0F800E263AC /* AppDelegate.swift */,
				F1D815212079B0F800E263AC /* ViewController.swift */,
				F1D815232079B0F800E263AC /* Main.storyboard */,
				F1D815262079B0FA00E263AC /* Assets.xcassets */,
				F1D815282079B0FA00E263AC /* LaunchScreen.storyboard */,
				F1D8152B2079B0FA00E263AC /* Info.plist */,
			);
			path = ParallaxScrollView;
			sourceTree = "<group>";
		};
		F1D815332079B0FA00E263AC /* ParallaxScrollViewTests */ = {
			isa = PBXGroup;
			children = (
				F1D815342079B0FA00E263AC /* ParallaxScrollViewTests.swift */,
				F1D815362079B0FA00E263AC /* Info.plist */,
			);
			path = ParallaxScrollViewTests;
			sourceTree = "<group>";
		};
		F1D8153F2079B10D00E263AC /* PLScrollView */ = {
			isa = PBXGroup;
			children = (
				F1D815402079B13900E263AC /* PLAnimateView.swift */,
				F1D815422079B14F00E263AC /* PLScrollView.swift */,
			);
			path = PLScrollView;
			sourceTree = "<group>";
		};
		F1D815442079B5BE00E263AC /* Source */ = {
			isa = PBXGroup;
			children = (
				F1D815452079B5DB00E263AC /* 750@2x.png */,
				F1D815462079B5DB00E263AC /* back@2x.png */,
				F1D815472079B5DB00E263AC /* p750-1334@2x.png */,
			);
			path = Source;
			sourceTree = "<group>";
		};
/* End PBXGroup section */

/* Begin PBXNativeTarget section */
		F1D8151B2079B0F800E263AC /* ParallaxScrollView */ = {
			isa = PBXNativeTarget;
			buildConfigurationList = F1D815392079B0FA00E263AC /* Build configuration list for PBXNativeTarget "ParallaxScrollView" */;
			buildPhases = (
				F1D815182079B0F800E263AC /* Sources */,
				F1D815192079B0F800E263AC /* Frameworks */,
				F1D8151A2079B0F800E263AC /* Resources */,
			);
			buildRules = (
			);
			dependencies = (
			);
			name = ParallaxScrollView;
			productName = ParallaxScrollView;
			productReference = F1D8151C2079B0F800E263AC /* ParallaxScrollView.app */;
			productType = "com.apple.product-type.application";
		};
		F1D8152F2079B0FA00E263AC /* ParallaxScrollViewTests */ = {
			isa = PBXNativeTarget;
			buildConfigurationList = F1D8153C2079B0FA00E263AC /* Build configuration list for PBXNativeTarget "ParallaxScrollViewTests" */;
			buildPhases = (
				F1D8152C2079B0FA00E263AC /* Sources */,
				F1D8152D2079B0FA00E263AC /* Frameworks */,
				F1D8152E2079B0FA00E263AC /* Resources */,
			);
			buildRules = (
			);
			dependencies = (
				F1D815322079B0FA00E263AC /* PBXTargetDependency */,
			);
			name = ParallaxScrollViewTests;
			productName = ParallaxScrollViewTests;
			productReference = F1D815302079B0FA00E263AC /* ParallaxScrollViewTests.xctest */;
			productType = "com.apple.product-type.bundle.unit-test";
		};
/* End PBXNativeTarget section */

/* Begin PBXProject section */
		F1D815142079B0F800E263AC /* Project object */ = {
			isa = PBXProject;
			attributes = {
				LastSwiftUpdateCheck = 0930;
				LastUpgradeCheck = 0930;
				ORGANIZATIONNAME = WinKind;
				TargetAttributes = {
					F1D8151B2079B0F800E263AC = {
						CreatedOnToolsVersion = 9.3;
					};
					F1D8152F2079B0FA00E263AC = {
						CreatedOnToolsVersion = 9.3;
						TestTargetID = F1D8151B2079B0F800E263AC;
					};
				};
			};
			buildConfigurationList = F1D815172079B0F800E263AC /* Build configuration list for PBXProject "ParallaxScrollView" */;
			compatibilityVersion = "Xcode 9.3";
			developmentRegion = en;
			hasScannedForEncodings = 0;
			knownRegions = (
				en,
				Base,
			);
			mainGroup = F1D815132079B0F800E263AC;
			productRefGroup = F1D8151D2079B0F800E263AC /* Products */;
			projectDirPath = "";
			projectRoot = "";
			targets = (
				F1D8151B2079B0F800E263AC /* ParallaxScrollView */,
				F1D8152F2079B0FA00E263AC /* ParallaxScrollViewTests */,
			);
		};
/* End PBXProject section */

/* Begin PBXResourcesBuildPhase section */
		F1D8151A2079B0F800E263AC /* Resources */ = {
			isa = PBXResourcesBuildPhase;
			buildActionMask = 2147483647;
			files = (
				F1D8152A2079B0FA00E263AC /* LaunchScreen.storyboard in Resources */,
				F1D815272079B0FA00E263AC /* Assets.xcassets in Resources */,
				F1D815492079B5DB00E263AC /* back@2x.png in Resources */,
				F1D815252079B0F800E263AC /* Main.storyboard in Resources */,
				F1D815482079B5DB00E263AC /* 750@2x.png in Resources */,
				F1D8154A2079B5DB00E263AC /* p750-1334@2x.png in Resources */,
			);
			runOnlyForDeploymentPostprocessing = 0;
		};
		F1D8152E2079B0FA00E263AC /* Resources */ = {
			isa = PBXResourcesBuildPhase;
			buildActionMask = 2147483647;
			files = (
			);
			runOnlyForDeploymentPostprocessing = 0;
		};
/* End PBXResourcesBuildPhase section */

/* Begin PBXSourcesBuildPhase section */
		F1D815182079B0F800E263AC /* Sources */ = {
			isa = PBXSourcesBuildPhase;
			buildActionMask = 2147483647;
			files = (
				F1D815412079B13900E263AC /* PLAnimateView.swift in Sources */,
				F1D815222079B0F800E263AC /* ViewController.swift in Sources */,
				F1D815202079B0F800E263AC /* AppDelegate.swift in Sources */,
				F1D815432079B14F00E263AC /* PLScrollView.swift in Sources */,
			);
			runOnlyForDeploymentPostprocessing = 0;
		};
		F1D8152C2079B0FA00E263AC /* Sources */ = {
			isa = PBXSourcesBuildPhase;
			buildActionMask = 2147483647;
			files = (
				F1D815352079B0FA00E263AC /* ParallaxScrollViewTests.swift in Sources */,
			);
			runOnlyForDeploymentPostprocessing = 0;
		};
/* End PBXSourcesBuildPhase section */

/* Begin PBXTargetDependency section */
		F1D815322079B0FA00E263AC /* PBXTargetDependency */ = {
			isa = PBXTargetDependency;
			target = F1D8151B2079B0F800E263AC /* ParallaxScrollView */;
			targetProxy = F1D815312079B0FA00E263AC /* PBXContainerItemProxy */;
		};
/* End PBXTargetDependency section */

/* Begin PBXVariantGroup section */
		F1D815232079B0F800E263AC /* Main.storyboard */ = {
			isa = PBXVariantGroup;
			children = (
				F1D815242079B0F800E263AC /* Base */,
			);
			name = Main.storyboard;
			sourceTree = "<group>";
		};
		F1D815282079B0FA00E263AC /* LaunchScreen.storyboard */ = {
			isa = PBXVariantGroup;
			children = (
				F1D815292079B0FA00E263AC /* Base */,
			);
			name = LaunchScreen.storyboard;
			sourceTree = "<group>";
		};
/* End PBXVariantGroup section */

/* Begin XCBuildConfiguration section */
		F1D815372079B0FA00E263AC /* Debug */ = {
			isa = XCBuildConfiguration;
			buildSettings = {
				ALWAYS_SEARCH_USER_PATHS = NO;
				CLANG_ANALYZER_NONNULL = YES;
				CLANG_ANALYZER_NUMBER_OBJECT_CONVERSION = YES_AGGRESSIVE;
				CLANG_CXX_LANGUAGE_STANDARD = "gnu++14";
				CLANG_CXX_LIBRARY = "libc++";
				CLANG_ENABLE_MODULES = YES;
				CLANG_ENABLE_OBJC_ARC = YES;
				CLANG_ENABLE_OBJC_WEAK = YES;
				CLANG_WARN_BLOCK_CAPTURE_AUTORELEASING = YES;
				CLANG_WARN_BOOL_CONVERSION = YES;
				CLANG_WARN_COMMA = YES;
				CLANG_WARN_CONSTANT_CONVERSION = YES;
				CLANG_WARN_DEPRECATED_OBJC_IMPLEMENTATIONS = YES;
				CLANG_WARN_DIRECT_OBJC_ISA_USAGE = YES_ERROR;
				CLANG_WARN_DOCUMENTATION_COMMENTS = YES;
				CLANG_WARN_EMPTY_BODY = YES;
				CLANG_WARN_ENUM_CONVERSION = YES;
				CLANG_WARN_INFINITE_RECURSION = YES;
				CLANG_WARN_INT_CONVERSION = YES;
				CLANG_WARN_NON_LITERAL_NULL_CONVERSION = YES;
				CLANG_WARN_OBJC_IMPLICIT_RETAIN_SELF = YES;
				CLANG_WARN_OBJC_LITERAL_CONVERSION = YES;
				CLANG_WARN_OBJC_ROOT_CLASS = YES_ERROR;
				CLANG_WARN_RANGE_LOOP_ANALYSIS = YES;
				CLANG_WARN_STRICT_PROTOTYPES = YES;
				CLANG_WARN_SUSPICIOUS_MOVE = YES;
				CLANG_WARN_UNGUARDED_AVAILABILITY = YES_AGGRESSIVE;
				CLANG_WARN_UNREACHABLE_CODE = YES;
				CLANG_WARN__DUPLICATE_METHOD_MATCH = YES;
				CODE_SIGN_IDENTITY = "iPhone Developer";
				COPY_PHASE_STRIP = NO;
				DEBUG_INFORMATION_FORMAT = dwarf;
				ENABLE_STRICT_OBJC_MSGSEND = YES;
				ENABLE_TESTABILITY = YES;
				GCC_C_LANGUAGE_STANDARD = gnu11;
				GCC_DYNAMIC_NO_PIC = NO;
				GCC_NO_COMMON_BLOCKS = YES;
				GCC_OPTIMIZATION_LEVEL = 0;
				GCC_PREPROCESSOR_DEFINITIONS = (
					"DEBUG=1",
					"$(inherited)",
				);
				GCC_WARN_64_TO_32_BIT_CONVERSION = YES;
				GCC_WARN_ABOUT_RETURN_TYPE = YES_ERROR;
				GCC_WARN_UNDECLARED_SELECTOR = YES;
				GCC_WARN_UNINITIALIZED_AUTOS = YES_AGGRESSIVE;
				GCC_WARN_UNUSED_FUNCTION = YES;
				GCC_WARN_UNUSED_VARIABLE = YES;
				IPHONEOS_DEPLOYMENT_TARGET = 11.3;
				MTL_ENABLE_DEBUG_INFO = YES;
				ONLY_ACTIVE_ARCH = YES;
				SDKROOT = iphoneos;
				SWIFT_ACTIVE_COMPILATION_CONDITIONS = DEBUG;
				SWIFT_OPTIMIZATION_LEVEL = "-Onone";
			};
			name = Debug;
		};
		F1D815382079B0FA00E263AC /* Release */ = {
			isa = XCBuildConfiguration;
			buildSettings = {
				ALWAYS_SEARCH_USER_PATHS = NO;
				CLANG_ANALYZER_NONNULL = YES;
				CLANG_ANALYZER_NUMBER_OBJECT_CONVERSION = YES_AGGRESSIVE;
				CLANG_CXX_LANGUAGE_STANDARD = "gnu++14";
				CLANG_CXX_LIBRARY = "libc++";
				CLANG_ENABLE_MODULES = YES;
				CLANG_ENABLE_OBJC_ARC = YES;
				CLANG_ENABLE_OBJC_WEAK = YES;
				CLANG_WARN_BLOCK_CAPTURE_AUTORELEASING = YES;
				CLANG_WARN_BOOL_CONVERSION = YES;
				CLANG_WARN_COMMA = YES;
				CLANG_WARN_CONSTANT_CONVERSION = YES;
				CLANG_WARN_DEPRECATED_OBJC_IMPLEMENTATIONS = YES;
				CLANG_WARN_DIRECT_OBJC_ISA_USAGE = YES_ERROR;
				CLANG_WARN_DOCUMENTATION_COMMENTS = YES;
				CLANG_WARN_EMPTY_BODY = YES;
				CLANG_WARN_ENUM_CONVERSION = YES;
				CLANG_WARN_INFINITE_RECURSION = YES;
				CLANG_WARN_INT_CONVERSION = YES;
				CLANG_WARN_NON_LITERAL_NULL_CONVERSION = YES;
				CLANG_WARN_OBJC_IMPLICIT_RETAIN_SELF = YES;
				CLANG_WARN_OBJC_LITERAL_CONVERSION = YES;
				CLANG_WARN_OBJC_ROOT_CLASS = YES_ERROR;
				CLANG_WARN_RANGE_LOOP_ANALYSIS = YES;
				CLANG_WARN_STRICT_PROTOTYPES = YES;
				CLANG_WARN_SUSPICIOUS_MOVE = YES;
				CLANG_WARN_UNGUARDED_AVAILABILITY = YES_AGGRESSIVE;
				CLANG_WARN_UNREACHABLE_CODE = YES;
				CLANG_WARN__DUPLICATE_METHOD_MATCH = YES;
				CODE_SIGN_IDENTITY = "iPhone Developer";
				COPY_PHASE_STRIP = NO;
				DEBUG_INFORMATION_FORMAT = "dwarf-with-dsym";
				ENABLE_NS_ASSERTIONS = NO;
				ENABLE_STRICT_OBJC_MSGSEND = YES;
				GCC_C_LANGUAGE_STANDARD = gnu11;
				GCC_NO_COMMON_BLOCKS = YES;
				GCC_WARN_64_TO_32_BIT_CONVERSION = YES;
				GCC_WARN_ABOUT_RETURN_TYPE = YES_ERROR;
				GCC_WARN_UNDECLARED_SELECTOR = YES;
				GCC_WARN_UNINITIALIZED_AUTOS = YES_AGGRESSIVE;
				GCC_WARN_UNUSED_FUNCTION = YES;
				GCC_WARN_UNUSED_VARIABLE = YES;
				IPHONEOS_DEPLOYMENT_TARGET = 11.3;
				MTL_ENABLE_DEBUG_INFO = NO;
				SDKROOT = iphoneos;
				SWIFT_COMPILATION_MODE = wholemodule;
				SWIFT_OPTIMIZATION_LEVEL = "-O";
				VALIDATE_PRODUCT = YES;
			};
			name = Release;
		};
		F1D8153A2079B0FA00E263AC /* Debug */ = {
			isa = XCBuildConfiguration;
			buildSettings = {
				ASSETCATALOG_COMPILER_APPICON_NAME = AppIcon;
				CODE_SIGN_STYLE = Automatic;
				DEVELOPMENT_TEAM = 54E9BM84Z9;
				INFOPLIST_FILE = ParallaxScrollView/Info.plist;
				LD_RUNPATH_SEARCH_PATHS = (
					"$(inherited)",
					"@executable_path/Frameworks",
				);
				PRODUCT_BUNDLE_IDENTIFIER = com.wk.ParallaxScrollView;
				PRODUCT_NAME = "$(TARGET_NAME)";
				SWIFT_VERSION = 4.0;
				TARGETED_DEVICE_FAMILY = "1,2";
			};
			name = Debug;
		};
		F1D8153B2079B0FA00E263AC /* Release */ = {
			isa = XCBuildConfiguration;
			buildSettings = {
				ASSETCATALOG_COMPILER_APPICON_NAME = AppIcon;
				CODE_SIGN_STYLE = Automatic;
				DEVELOPMENT_TEAM = 54E9BM84Z9;
				INFOPLIST_FILE = ParallaxScrollView/Info.plist;
				LD_RUNPATH_SEARCH_PATHS = (
					"$(inherited)",
					"@executable_path/Frameworks",
				);
				PRODUCT_BUNDLE_IDENTIFIER = com.wk.ParallaxScrollView;
				PRODUCT_NAME = "$(TARGET_NAME)";
				SWIFT_VERSION = 4.0;
				TARGETED_DEVICE_FAMILY = "1,2";
			};
			name = Release;
		};
		F1D8153D2079B0FA00E263AC /* Debug */ = {
			isa = XCBuildConfiguration;
			buildSettings = {
				ALWAYS_EMBED_SWIFT_STANDARD_LIBRARIES = YES;
				BUNDLE_LOADER = "$(TEST_HOST)";
				CODE_SIGN_STYLE = Automatic;
				DEVELOPMENT_TEAM = 54E9BM84Z9;
				INFOPLIST_FILE = ParallaxScrollViewTests/Info.plist;
				LD_RUNPATH_SEARCH_PATHS = (
					"$(inherited)",
					"@executable_path/Frameworks",
					"@loader_path/Frameworks",
				);
				PRODUCT_BUNDLE_IDENTIFIER = com.wk.ParallaxScrollViewTests;
				PRODUCT_NAME = "$(TARGET_NAME)";
				SWIFT_VERSION = 4.0;
				TARGETED_DEVICE_FAMILY = "1,2";
				TEST_HOST = "$(BUILT_PRODUCTS_DIR)/ParallaxScrollView.app/ParallaxScrollView";
			};
			name = Debug;
		};
		F1D8153E2079B0FA00E263AC /* Release */ = {
			isa = XCBuildConfiguration;
			buildSettings = {
				ALWAYS_EMBED_SWIFT_STANDARD_LIBRARIES = YES;
				BUNDLE_LOADER = "$(TEST_HOST)";
				CODE_SIGN_STYLE = Automatic;
				DEVELOPMENT_TEAM = 54E9BM84Z9;
				INFOPLIST_FILE = ParallaxScrollViewTests/Info.plist;
				LD_RUNPATH_SEARCH_PATHS = (
					"$(inherited)",
					"@executable_path/Frameworks",
					"@loader_path/Frameworks",
				);
				PRODUCT_BUNDLE_IDENTIFIER = com.wk.ParallaxScrollViewTests;
				PRODUCT_NAME = "$(TARGET_NAME)";
				SWIFT_VERSION = 4.0;
				TARGETED_DEVICE_FAMILY = "1,2";
				TEST_HOST = "$(BUILT_PRODUCTS_DIR)/ParallaxScrollView.app/ParallaxScrollView";
			};
			name = Release;
		};
/* End XCBuildConfiguration section */

/* Begin XCConfigurationList section */
		F1D815172079B0F800E263AC /* Build configuration list for PBXProject "ParallaxScrollView" */ = {
			isa = XCConfigurationList;
			buildConfigurations = (
				F1D815372079B0FA00E263AC /* Debug */,
				F1D815382079B0FA00E263AC /* Release */,
			);
			defaultConfigurationIsVisible = 0;
			defaultConfigurationName = Release;
		};
		F1D815392079B0FA00E263AC /* Build configuration list for PBXNativeTarget "ParallaxScrollView" */ = {
			isa = XCConfigurationList;
			buildConfigurations = (
				F1D8153A2079B0FA00E263AC /* Debug */,
				F1D8153B2079B0FA00E263AC /* Release */,
			);
			defaultConfigurationIsVisible = 0;
			defaultConfigurationName = Release;
		};
		F1D8153C2079B0FA00E263AC /* Build configuration list for PBXNativeTarget "ParallaxScrollViewTests" */ = {
			isa = XCConfigurationList;
			buildConfigurations = (
				F1D8153D2079B0FA00E263AC /* Debug */,
				F1D8153E2079B0FA00E263AC /* Release */,
			);
			defaultConfigurationIsVisible = 0;
			defaultConfigurationName = Release;
		};
/* End XCConfigurationList section */
	};
	rootObject = F1D815142079B0F800E263AC /* Project object */;
}
